{
	"name": "@reconex/ui",
	"version": "0.1.0",
	"lockfileVersion": 3,
	"requires": true,
	"packages": {
		"": {
			"name": "@reconex/ui",
			"version": "0.1.0",
			"license": "MIT",
			"dependencies": {
				"class-variance-authority": "^0.7.1",
				"clsx": "^2.0.0",
				"motion": "^12.0.0",
				"tailwind-merge": "^3.5.0"
			},
			"devDependencies": {
				"@tailwindcss/vite": "^4.2.1",
				"@types/node": "^25.3.3",
				"@types/react": "^19.1.6",
				"@types/react-dom": "^19.2.3",
				"@vitejs/plugin-react": "^6.0.1",
				"react": "^19.1.0",
				"react-dom": "^19.2.4",
				"shiki": "^3.23.0",
				"tailwindcss": "^4.2.1",
				"tsup": "^8.5.1",
				"typescript": "^5.9.3",
				"vite": "^8.0.0"
			},
			"peerDependencies": {
				"react": "^18.0.0 || ^19.0.0",
				"react-dom": "^18.0.0 || ^19.0.0"
			}
		},
		"../../node_modules/.pnpm/@tailwindcss+vite@4.2.1_vite@8.0.0_@types+node@25.5.0_esbuild@0.27.4_jiti@2.6.1_/node_modules/@tailwindcss/vite": {
			"version": "4.2.1",
			"dev": true,
			"license": "MIT",
			"dependencies": {
				"@tailwindcss/node": "4.2.1",
				"@tailwindcss/oxide": "4.2.1",
				"tailwindcss": "4.2.1"
			},
			"devDependencies": {
				"@types/node": "^20.19.0",
				"vite": "^7.3.1"
			},
			"peerDependencies": {
				"vite": "^5.2.0 || ^6 || ^7"
			}
		},
		"../../node_modules/.pnpm/@types+node@25.5.0/node_modules/@types/node": {
			"version": "25.5.0",
			"dev": true,
			"license": "MIT",
			"dependencies": {
				"undici-types": "~7.18.0"
			}
		},
		"../../node_modules/.pnpm/@types+react-dom@19.2.3_@types+react@19.2.14/node_modules/@types/react-dom": {
			"version": "19.2.3",
			"dev": true,
			"license": "MIT",
			"peerDependencies": {
				"@types/react": "^19.2.0"
			}
		},
		"../../node_modules/.pnpm/@types+react@19.2.14/node_modules/@types/react": {
			"version": "19.2.14",
			"dev": true,
			"license": "MIT",
			"dependencies": {
				"csstype": "^3.2.2"
			}
		},
		"../../node_modules/.pnpm/@vitejs+plugin-react@6.0.1_vite@8.0.0_@types+node@25.5.0_esbuild@0.27.4_jiti@2.6.1_/node_modules/@vitejs/plugin-react": {
			"version": "6.0.1",
			"dev": true,
			"license": "MIT",
			"dependencies": {
				"@rolldown/pluginutils": "1.0.0-rc.7"
			},
			"devDependencies": {
				"@babel/core": "8.0.0-rc.2",
				"@rolldown/plugin-babel": "^0.2.0",
				"@vitejs/react-common": "workspace:*",
				"babel-plugin-react-compiler": "^1.0.0",
				"react": "^19.2.4",
				"react-dom": "^19.2.4",
				"rolldown": "1.0.0-rc.7",
				"tsdown": "^0.21.0",
				"vite": "^8.0.0-beta.16"
			},
			"engines": {
				"node": "^20.19.0 || >=22.12.0"
			},
			"peerDependencies": {
				"@rolldown/plugin-babel": "^0.1.7 || ^0.2.0",
				"babel-plugin-react-compiler": "^1.0.0",
				"vite": "^8.0.0"
			},
			"peerDependenciesMeta": {
				"@rolldown/plugin-babel": {
					"optional": true
				},
				"babel-plugin-react-compiler": {
					"optional": true
				}
			}
		},
		"../../node_modules/.pnpm/class-variance-authority@0.7.1/node_modules/class-variance-authority": {
			"version": "0.7.1",
			"license": "Apache-2.0",
			"dependencies": {
				"clsx": "^2.1.1"
			},
			"devDependencies": {
				"@swc/cli": "0.3.12",
				"@swc/core": "1.4.16",
				"@types/node": "20.12.7",
				"@types/react": "18.2.79",
				"@types/react-dom": "18.2.25",
				"bundlesize": "0.18.2",
				"npm-run-all": "4.1.5",
				"react": "18.2.0",
				"react-dom": "18.2.0",
				"ts-node": "10.9.2",
				"typescript": "5.4.5"
			},
			"funding": {
				"url": "https://polar.sh/cva"
			}
		},
		"../../node_modules/.pnpm/clsx@2.1.1/node_modules/clsx": {
			"version": "2.1.1",
			"license": "MIT",
			"devDependencies": {
				"esm": "3.2.25",
				"terser": "4.8.0",
				"uvu": "0.5.4"
			},
			"engines": {
				"node": ">=6"
			}
		},
		"../../node_modules/.pnpm/motion@12.38.0_react-dom@19.2.4_react@19.2.4__react@19.2.4/node_modules/motion": {
			"version": "12.38.0",
			"license": "MIT",
			"dependencies": {
				"framer-motion": "^12.38.0",
				"tslib": "^2.4.0"
			},
			"peerDependencies": {
				"@emotion/is-prop-valid": "*",
				"react": "^18.0.0 || ^19.0.0",
				"react-dom": "^18.0.0 || ^19.0.0"
			},
			"peerDependenciesMeta": {
				"@emotion/is-prop-valid": {
					"optional": true
				},
				"react": {
					"optional": true
				},
				"react-dom": {
					"optional": true
				}
			}
		},
		"../../node_modules/.pnpm/react-dom@19.2.4_react@19.2.4/node_modules/react-dom": {
			"version": "19.2.4",
			"dev": true,
			"license": "MIT",
			"dependencies": {
				"scheduler": "^0.27.0"
			},
			"peerDependencies": {
				"react": "^19.2.4"
			}
		},
		"../../node_modules/.pnpm/react@19.2.4/node_modules/react": {
			"version": "19.2.4",
			"dev": true,
			"license": "MIT",
			"engines": {
				"node": ">=0.10.0"
			}
		},
		"../../node_modules/.pnpm/shiki@3.23.0/node_modules/shiki": {
			"version": "3.23.0",
			"dev": true,
			"license": "MIT",
			"dependencies": {
				"@shikijs/core": "3.23.0",
				"@shikijs/engine-javascript": "3.23.0",
				"@shikijs/engine-oniguruma": "3.23.0",
				"@shikijs/langs": "3.23.0",
				"@shikijs/themes": "3.23.0",
				"@shikijs/types": "3.23.0",
				"@shikijs/vscode-textmate": "^10.0.2",
				"@types/hast": "^3.0.4"
			},
			"devDependencies": {
				"rollup-plugin-copy": "^3.5.0",
				"tm-grammars": "^1.31.0",
				"tm-themes": "^1.12.0",
				"vscode-oniguruma": "1.7.0"
			}
		},
		"../../node_modules/.pnpm/tailwindcss@4.2.1/node_modules/tailwindcss": {
			"version": "4.2.1",
			"dev": true,
			"license": "MIT",
			"devDependencies": {
				"@jridgewell/remapping": "^2.3.5",
				"@tailwindcss/oxide": "^4.2.1",
				"@types/node": "^20.19.0",
				"dedent": "1.7.1",
				"lightningcss": "1.31.1",
				"magic-string": "^0.30.21",
				"source-map-js": "^1.2.1"
			}
		},
		"../../node_modules/.pnpm/tsup@8.5.1_jiti@2.6.1_postcss@8.5.8_typescript@5.9.3/node_modules/tsup": {
			"version": "8.5.1",
			"dev": true,
			"license": "MIT",
			"dependencies": {
				"bundle-require": "^5.1.0",
				"cac": "^6.7.14",
				"chokidar": "^4.0.3",
				"consola": "^3.4.0",
				"debug": "^4.4.0",
				"esbuild": "^0.27.0",
				"fix-dts-default-cjs-exports": "^1.0.0",
				"joycon": "^3.1.1",
				"picocolors": "^1.1.1",
				"postcss-load-config": "^6.0.1",
				"resolve-from": "^5.0.0",
				"rollup": "^4.34.8",
				"source-map": "^0.7.6",
				"sucrase": "^3.35.0",
				"tinyexec": "^0.3.2",
				"tinyglobby": "^0.2.11",
				"tree-kill": "^1.2.2"
			},
			"bin": {
				"tsup": "dist/cli-default.js",
				"tsup-node": "dist/cli-node.js"
			},
			"devDependencies": {
				"@microsoft/api-extractor": "^7.50.0",
				"@rollup/plugin-json": "6.1.0",
				"@swc/core": "1.10.18",
				"@types/debug": "4.1.12",
				"@types/node": "22.13.4",
				"@types/resolve": "1.20.6",
				"bumpp": "^10.0.3",
				"flat": "6.0.1",
				"postcss": "8.5.2",
				"postcss-simple-vars": "7.0.1",
				"prettier": "3.5.1",
				"resolve": "1.22.10",
				"rollup-plugin-dts": "6.1.1",
				"sass": "1.85.0",
				"strip-json-comments": "5.0.1",
				"svelte": "5.19.9",
				"svelte-preprocess": "6.0.3",
				"terser": "^5.39.0",
				"ts-essentials": "10.0.4",
				"tsup": "8.3.6",
				"typescript": "5.7.3",
				"vitest": "3.0.6",
				"wait-for-expect": "3.0.2"
			},
			"engines": {
				"node": ">=18"
			},
			"peerDependencies": {
				"@microsoft/api-extractor": "^7.36.0",
				"@swc/core": "^1",
				"postcss": "^8.4.12",
				"typescript": ">=4.5.0"
			},
			"peerDependenciesMeta": {
				"@microsoft/api-extractor": {
					"optional": true
				},
				"@swc/core": {
					"optional": true
				},
				"postcss": {
					"optional": true
				},
				"typescript": {
					"optional": true
				}
			}
		},
		"../../node_modules/.pnpm/typescript@5.9.3/node_modules/typescript": {
			"version": "5.9.3",
			"dev": true,
			"license": "Apache-2.0",
			"bin": {
				"tsc": "bin/tsc",
				"tsserver": "bin/tsserver"
			},
			"devDependencies": {
				"@dprint/formatter": "^0.4.1",
				"@dprint/typescript": "0.93.4",
				"@esfx/canceltoken": "^1.0.0",
				"@eslint/js": "^9.20.0",
				"@octokit/rest": "^21.1.1",
				"@types/chai": "^4.3.20",
				"@types/diff": "^7.0.1",
				"@types/minimist": "^1.2.5",
				"@types/mocha": "^10.0.10",
				"@types/ms": "^0.7.34",
				"@types/node": "latest",
				"@types/source-map-support": "^0.5.10",
				"@types/which": "^3.0.4",
				"@typescript-eslint/rule-tester": "^8.24.1",
				"@typescript-eslint/type-utils": "^8.24.1",
				"@typescript-eslint/utils": "^8.24.1",
				"azure-devops-node-api": "^14.1.0",
				"c8": "^10.1.3",
				"chai": "^4.5.0",
				"chokidar": "^4.0.3",
				"diff": "^7.0.0",
				"dprint": "^0.49.0",
				"esbuild": "^0.25.0",
				"eslint": "^9.20.1",
				"eslint-formatter-autolinkable-stylish": "^1.4.0",
				"eslint-plugin-regexp": "^2.7.0",
				"fast-xml-parser": "^4.5.2",
				"glob": "^10.4.5",
				"globals": "^15.15.0",
				"hereby": "^1.10.0",
				"jsonc-parser": "^3.3.1",
				"knip": "^5.44.4",
				"minimist": "^1.2.8",
				"mocha": "^10.8.2",
				"mocha-fivemat-progress-reporter": "^0.1.0",
				"monocart-coverage-reports": "^2.12.1",
				"ms": "^2.1.3",
				"picocolors": "^1.1.1",
				"playwright": "^1.50.1",
				"source-map-support": "^0.5.21",
				"tslib": "^2.8.1",
				"typescript": "^5.7.3",
				"typescript-eslint": "^8.24.1",
				"which": "^3.0.1"
			},
			"engines": {
				"node": ">=14.17"
			}
		},
		"../../node_modules/.pnpm/vite@8.0.0_@types+node@25.5.0_esbuild@0.27.4_jiti@2.6.1/node_modules/vite": {
			"version": "8.0.0",
			"dev": true,
			"license": "MIT",
			"dependencies": {
				"@oxc-project/runtime": "0.115.0",
				"lightningcss": "^1.32.0",
				"picomatch": "^4.0.3",
				"postcss": "^8.5.8",
				"rolldown": "1.0.0-rc.9",
				"tinyglobby": "^0.2.15"
			},
			"bin": {
				"vite": "bin/vite.js"
			},
			"devDependencies": {
				"@babel/parser": "^7.29.0",
				"@jridgewell/remapping": "^2.3.5",
				"@jridgewell/trace-mapping": "^0.3.31",
				"@polka/compression": "^1.0.0-next.25",
				"@rollup/plugin-alias": "^6.0.0",
				"@rollup/plugin-dynamic-import-vars": "2.1.4",
				"@rollup/pluginutils": "^5.3.0",
				"@types/escape-html": "^1.0.4",
				"@types/pnpapi": "^0.0.5",
				"@vercel/detect-agent": "^1.1.0",
				"@vitejs/devtools": "^0.0.0-alpha.33",
				"@vitest/utils": "4.1.0-beta.6",
				"artichokie": "^0.4.2",
				"baseline-browser-mapping": "^2.10.0",
				"cac": "^7.0.0",
				"chokidar": "^3.6.0",
				"connect": "^3.7.0",
				"convert-source-map": "^2.0.0",
				"cors": "^2.8.6",
				"cross-spawn": "^7.0.6",
				"dotenv-expand": "^12.0.3",
				"es-module-lexer": "^1.7.0",
				"esbuild": "^0.27.3",
				"escape-html": "^1.0.3",
				"estree-walker": "^3.0.3",
				"etag": "^1.8.1",
				"host-validation-middleware": "^0.1.2",
				"http-proxy-3": "^1.23.2",
				"launch-editor-middleware": "^2.13.1",
				"magic-string": "^0.30.21",
				"mlly": "^1.8.1",
				"mrmime": "^2.0.1",
				"nanoid": "^5.1.6",
				"obug": "^1.0.2",
				"open": "^10.2.0",
				"parse5": "^8.0.0",
				"pathe": "^2.0.3",
				"periscopic": "^4.0.2",
				"picocolors": "^1.1.1",
				"postcss-import": "^16.1.1",
				"postcss-load-config": "^6.0.1",
				"postcss-modules": "^6.0.1",
				"premove": "^4.0.0",
				"resolve.exports": "^2.0.3",
				"rolldown-plugin-dts": "^0.22.2",
				"rollup": "^4.59.0",
				"rollup-plugin-license": "^3.7.0",
				"sass": "^1.97.3",
				"sass-embedded": "^1.97.3",
				"sirv": "^3.0.2",
				"strip-literal": "^3.1.0",
				"terser": "^5.46.0",
				"ufo": "^1.6.3",
				"ws": "^8.19.0"
			},
			"engines": {
				"node": "^20.19.0 || >=22.12.0"
			},
			"funding": {
				"url": "https://github.com/vitejs/vite?sponsor=1"
			},
			"optionalDependencies": {
				"fsevents": "~2.3.3"
			},
			"peerDependencies": {
				"@types/node": "^20.19.0 || >=22.12.0",
				"@vitejs/devtools": "^0.0.0-alpha.31",
				"esbuild": "^0.27.0",
				"jiti": ">=1.21.0",
				"less": "^4.0.0",
				"sass": "^1.70.0",
				"sass-embedded": "^1.70.0",
				"stylus": ">=0.54.8",
				"sugarss": "^5.0.0",
				"terser": "^5.16.0",
				"tsx": "^4.8.1",
				"yaml": "^2.4.2"
			},
			"peerDependenciesMeta": {
				"@types/node": {
					"optional": true
				},
				"@vitejs/devtools": {
					"optional": true
				},
				"esbuild": {
					"optional": true
				},
				"jiti": {
					"optional": true
				},
				"less": {
					"optional": true
				},
				"sass": {
					"optional": true
				},
				"sass-embedded": {
					"optional": true
				},
				"stylus": {
					"optional": true
				},
				"sugarss": {
					"optional": true
				},
				"terser": {
					"optional": true
				},
				"tsx": {
					"optional": true
				},
				"yaml": {
					"optional": true
				}
			}
		},
		"node_modules/@tailwindcss/vite": {
			"resolved": "../../node_modules/.pnpm/@tailwindcss+vite@4.2.1_vite@8.0.0_@types+node@25.5.0_esbuild@0.27.4_jiti@2.6.1_/node_modules/@tailwindcss/vite",
			"link": true
		},
		"node_modules/@types/node": {
			"resolved": "../../node_modules/.pnpm/@types+node@25.5.0/node_modules/@types/node",
			"link": true
		},
		"node_modules/@types/react": {
			"resolved": "../../node_modules/.pnpm/@types+react@19.2.14/node_modules/@types/react",
			"link": true
		},
		"node_modules/@types/react-dom": {
			"resolved": "../../node_modules/.pnpm/@types+react-dom@19.2.3_@types+react@19.2.14/node_modules/@types/react-dom",
			"link": true
		},
		"node_modules/@vitejs/plugin-react": {
			"resolved": "../../node_modules/.pnpm/@vitejs+plugin-react@6.0.1_vite@8.0.0_@types+node@25.5.0_esbuild@0.27.4_jiti@2.6.1_/node_modules/@vitejs/plugin-react",
			"link": true
		},
		"node_modules/class-variance-authority": {
			"resolved": "../../node_modules/.pnpm/class-variance-authority@0.7.1/node_modules/class-variance-authority",
			"link": true
		},
		"node_modules/clsx": {
			"resolved": "../../node_modules/.pnpm/clsx@2.1.1/node_modules/clsx",
			"link": true
		},
		"node_modules/motion": {
			"resolved": "../../node_modules/.pnpm/motion@12.38.0_react-dom@19.2.4_react@19.2.4__react@19.2.4/node_modules/motion",
			"link": true
		},
		"node_modules/react": {
			"resolved": "../../node_modules/.pnpm/react@19.2.4/node_modules/react",
			"link": true
		},
		"node_modules/react-dom": {
			"resolved": "../../node_modules/.pnpm/react-dom@19.2.4_react@19.2.4/node_modules/react-dom",
			"link": true
		},
		"node_modules/shiki": {
			"resolved": "../../node_modules/.pnpm/shiki@3.23.0/node_modules/shiki",
			"link": true
		},
		"node_modules/tailwind-merge": {
			"version": "3.5.0",
			"resolved": "https://registry.npmjs.org/tailwind-merge/-/tailwind-merge-3.5.0.tgz",
			"integrity": "sha512-I8K9wewnVDkL1NTGoqWmVEIlUcB9gFriAEkXkfCjX5ib8ezGxtR3xD7iZIxrfArjEsH7F1CHD4RFUtxefdqV/A==",
			"license": "MIT",
			"funding": {
				"type": "github",
				"url": "https://github.com/sponsors/dcastil"
			}
		},
		"node_modules/tailwindcss": {
			"resolved": "../../node_modules/.pnpm/tailwindcss@4.2.1/node_modules/tailwindcss",
			"link": true
		},
		"node_modules/tsup": {
			"resolved": "../../node_modules/.pnpm/tsup@8.5.1_jiti@2.6.1_postcss@8.5.8_typescript@5.9.3/node_modules/tsup",
			"link": true
		},
		"node_modules/typescript": {
			"resolved": "../../node_modules/.pnpm/typescript@5.9.3/node_modules/typescript",
			"link": true
		},
		"node_modules/vite": {
			"resolved": "../../node_modules/.pnpm/vite@8.0.0_@types+node@25.5.0_esbuild@0.27.4_jiti@2.6.1/node_modules/vite",
			"link": true
		}
	}
}
